<Solution>
  <Folder Name="/libs/">
    <File Path="src/libs/Directory.Build.props" />
    <Project Path="src/libs/CodexCnj/Loud.Technology.Codex.Cnj.Sdk.csproj" />
  </Folder>
  <Folder Name="/tests/">
    <Project Path="src/tests/IntegrationTests/Loud.Technology.Codex.Cnj.Sdk.IntegrationTests.csproj" />
  </Folder>
  <Folder Name="/Solution Items/">
    <File Path=".gitignore" />
    <File Path="LICENSE" />
    <File Path="README.md" />
    <File Path="codex-cnj-swagger.json" />
    <File Path="src/Directory.Build.props" />
  </Folder>
</Solution>
